
Microsoft Visual Studio Solution File, Format Version 12.00
# Visual Studio Version 17
VisualStudioVersion = 17.1.31911.260
MinimumVisualStudioVersion = 10.0.40219.1
Project("{FAE04EC0-301F-11D3-BF4B-00C04F79EFBC}") = "Strickland", "Strickland\Strickland.csproj", "{E072C8DE-8A0C-442C-A4E3-0A6F93FFA98F}"
EndProject
Project("{FAE04EC0-301F-11D3-BF4B-00C04F79EFBC}") = "Strickland.Tests", "Strickland.Tests\Strickland.Tests.csproj", "{297FA953-79D7-4408-9C7D-7AC512AD38C8}"
EndProject
Global
	GlobalSection(SolutionConfigurationPlatforms) = preSolution
		Debug|Any CPU = Debug|Any CPU
		Release|Any CPU = Release|Any CPU
	EndGlobalSection
	GlobalSection(ProjectConfigurationPlatforms) = postSolution
		{E072C8DE-8A0C-442C-A4E3-0A6F93FFA98F}.Debug|Any CPU.ActiveCfg = Debug|Any CPU
		{E072C8DE-8A0C-442C-A4E3-0A6F93FFA98F}.Debug|Any CPU.Build.0 = Debug|Any CPU
		{E072C8DE-8A0C-442C-A4E3-0A6F93FFA98F}.Release|Any CPU.ActiveCfg = Release|Any CPU
		{E072C8DE-8A0C-442C-A4E3-0A6F93FFA98F}.Release|Any CPU.Build.0 = Release|Any CPU
		{297FA953-79D7-4408-9C7D-7AC512AD38C8}.Debug|Any CPU.ActiveCfg = Debug|Any CPU
		{297FA953-79D7-4408-9C7D-7AC512AD38C8}.Debug|Any CPU.Build.0 = Debug|Any CPU
		{297FA953-79D7-4408-9C7D-7AC512AD38C8}.Release|Any CPU.ActiveCfg = Release|Any CPU
		{297FA953-79D7-4408-9C7D-7AC512AD38C8}.Release|Any CPU.Build.0 = Release|Any CPU
	EndGlobalSection
	GlobalSection(SolutionProperties) = preSolution
		HideSolutionNode = FALSE
	EndGlobalSection
	GlobalSection(ExtensibilityGlobals) = postSolution
		SolutionGuid = {15D96252-F7A3-4003-9EE9-2EA37C9F4658}
	EndGlobalSection
EndGlobal
